
Microsoft Visual Studio Solution File, Format Version 12.00
# Visual Studio Version 17
VisualStudioVersion = 17.3.32825.248
MinimumVisualStudioVersion = 10.0.40219.1
Project("{2150E333-8FDC-42A3-9474-1A3956D46DE8}") = "02 Different types of VS projects", "02 Different types of VS projects", "{7310A31D-DD1D-40CD-A199-88241A6B7D2B}"
EndProject
Project("{2150E333-8FDC-42A3-9474-1A3956D46DE8}") = "01 Getting started", "01 Getting started", "{B45767A2-99A9-4EFC-9E89-436C501DE3B8}"
EndProject
Project("{2150E333-8FDC-42A3-9474-1A3956D46DE8}") = "03 Programming basics", "03 Programming basics", "{2B1C921C-ABB9-4555-80B1-5DEF589E26FA}"
EndProject
Project("{2150E333-8FDC-42A3-9474-1A3956D46DE8}") = "04 Unit testing project", "04 Unit testing project", "{82EFA7B0-C708-4E76-972B-501C3AD61152}"
EndProject
Project("{2150E333-8FDC-42A3-9474-1A3956D46DE8}") = "05 Math,equality,relational", "05 Math,equality,relational", "{790BCFE8-3E17-4758-91BB-91E6E632EB47}"
EndProject
Project("{2150E333-8FDC-42A3-9474-1A3956D46DE8}") = "07 Midterm exam", "07 Midterm exam", "{76018E16-2E7F-4AE7-8C87-FE0A9B308741}"
EndProject
Project("{FAE04EC0-301F-11D3-BF4B-00C04F79EFBC}") = "ClassLibraryPractice", "Section2\ClassLibraryPractice\ClassLibraryPractice.csproj", "{FDA408CB-7A1C-47BD-BBD5-78D1BCDC60F6}"
EndProject
Project("{FAE04EC0-301F-11D3-BF4B-00C04F79EFBC}") = "ClassLibraryTest", "Section2\ClassLibraryTest\ClassLibraryTest.csproj", "{FD116B48-141E-47A1-A9A9-E5FECCD8EB11}"
EndProject
Project("{FAE04EC0-301F-11D3-BF4B-00C04F79EFBC}") = "Section5", "Section5\Section5\Section5.csproj", "{7BBCF357-D28B-46DA-9295-FCD270BD3A68}"
EndProject
Project("{FAE04EC0-301F-11D3-BF4B-00C04F79EFBC}") = "Section7", "Section7\Section7.csproj", "{47BF2F3B-E8B4-4B2D-99BD-0F1D5502524B}"
EndProject
Project("{2150E333-8FDC-42A3-9474-1A3956D46DE8}") = "08 Repetition", "08 Repetition", "{CED4F92B-47D0-433B-9F03-6ED51BE50C59}"
EndProject
Project("{FAE04EC0-301F-11D3-BF4B-00C04F79EFBC}") = "Section8", "Section8\Section8.csproj", "{CE6CC9FA-267F-4261-896D-3BD5DFF18802}"
EndProject
Project("{FAE04EC0-301F-11D3-BF4B-00C04F79EFBC}") = "LoopExample", "Section8\LoopExample\LoopExample.csproj", "{02500456-67DA-4B9B-BC1F-6A0CBD1A879C}"
EndProject
Project("{2150E333-8FDC-42A3-9474-1A3956D46DE8}") = "06 Classes and methods", "06 Classes and methods", "{4AC89EAD-0C80-4680-8492-9AFDB16AB772}"
EndProject
Project("{FAE04EC0-301F-11D3-BF4B-00C04F79EFBC}") = "Section6", "Section6\Section6.csproj", "{E58149BD-E904-4D76-B29A-D66E485D9C5D}"
EndProject
Project("{2150E333-8FDC-42A3-9474-1A3956D46DE8}") = "09 Methods", "09 Methods", "{C50A8EE1-9F20-47F0-B10A-8EBC3081B5AA}"
EndProject
Project("{FAE04EC0-301F-11D3-BF4B-00C04F79EFBC}") = "Section9", "Section9\Section9.csproj", "{67998050-2533-4AAA-A925-D2DF3D8165D4}"
EndProject
Project("{2150E333-8FDC-42A3-9474-1A3956D46DE8}") = "10 Arrays and lists", "10 Arrays and lists", "{C0B6CA26-DB3F-497B-B30F-2B769E3E6721}"
EndProject
Project("{FAE04EC0-301F-11D3-BF4B-00C04F79EFBC}") = "Section10", "Section10\Section10.csproj", "{87823504-9100-4EF9-AEE8-AA3EDB61359F}"
EndProject
Project("{FAE04EC0-301F-11D3-BF4B-00C04F79EFBC}") = "CodingQuiz", "CodingQuiz\CodingQuiz.csproj", "{69A2E88C-E445-4DDE-AE9C-240120B1A09D}"
EndProject
Project("{2150E333-8FDC-42A3-9474-1A3956D46DE8}") = "11 Advanced OO topics", "11 Advanced OO topics", "{A8EFA429-D920-420E-8804-919622DB6E3C}"
EndProject
Project("{2150E333-8FDC-42A3-9474-1A3956D46DE8}") = "12 Interfaces", "12 Interfaces", "{8934C199-CC2F-4B68-B286-9E2F013F5AE7}"
EndProject
Project("{FAE04EC0-301F-11D3-BF4B-00C04F79EFBC}") = "AdvancedOO", "Section11\AdvancedOO.csproj", "{7B8A31E8-60A1-4DDF-98A4-003560F5F011}"
EndProject
Project("{FAE04EC0-301F-11D3-BF4B-00C04F79EFBC}") = "Section12", "Section 12\Section12.csproj", "{16EDB83F-E330-4270-8FC2-53893F863D76}"
EndProject
Project("{2150E333-8FDC-42A3-9474-1A3956D46DE8}") = "13 Exception handling", "13 Exception handling", "{C3F1C396-5934-4A37-A9D4-AAE3E0D8DDCF}"
EndProject
Project("{FAE04EC0-301F-11D3-BF4B-00C04F79EFBC}") = "Section13", "Section13\Section13.csproj", "{0B9FF41E-E77E-47D0-AE01-443E1E8BEE8E}"
EndProject
Project("{2150E333-8FDC-42A3-9474-1A3956D46DE8}") = "15 Conclusion", "15 Conclusion", "{3B893E94-04FD-4C45-8578-DA8A23EDDCE3}"
EndProject
Project("{FAE04EC0-301F-11D3-BF4B-00C04F79EFBC}") = "Section15", "Section15\Section15.csproj", "{311AE4AB-B86A-467B-A4CF-A8F8949EC7DE}"
EndProject
Project("{2150E333-8FDC-42A3-9474-1A3956D46DE8}") = "14 Advanced topics", "14 Advanced topics", "{33E28CE3-8A8A-4FD0-9ED7-191B78E2712A}"
EndProject
Project("{FAE04EC0-301F-11D3-BF4B-00C04F79EFBC}") = "section14", "section14\section14.csproj", "{B55D262B-CED0-49CB-812F-4A8248412F25}"
EndProject
Project("{FAE04EC0-301F-11D3-BF4B-00C04F79EFBC}") = "Section4", "UnitTestProject\Section4.csproj", "{723EA322-F98E-4FBE-922C-20657008462D}"
EndProject
Project("{FAE04EC0-301F-11D3-BF4B-00C04F79EFBC}") = "Hello.World", "Hello.World\Hello.World.csproj", "{7E308D4E-4C2D-4B34-B757-2EA56A60F24A}"
EndProject
Project("{FAE04EC0-301F-11D3-BF4B-00C04F79EFBC}") = "BinaClassLibraryTest", "BinaClassLibraryTest\BinaClassLibraryTest.csproj", "{D56E172E-FA90-47C2-BC33-58C0C2C0D107}"
EndProject
Project("{FAE04EC0-301F-11D3-BF4B-00C04F79EFBC}") = "BinaConsoleApp", "BinaConsoleApp\BinaConsoleApp.csproj", "{42FADC0A-4093-4CCF-8CC1-EA9BF2B7F076}"
EndProject
Project("{FAE04EC0-301F-11D3-BF4B-00C04F79EFBC}") = "BinaUnitTestProject", "BinaUnitTestProject\BinaUnitTestProject.csproj", "{9589BE66-2ED7-438B-8B8B-6F5124F8D953}"
EndProject
Project("{FAE04EC0-301F-11D3-BF4B-00C04F79EFBC}") = "BinaSection5", "BinaSection5Test\BinaSection5.csproj", "{2FA9D51A-6B68-4BF8-8C79-3DC2C332CCE4}"
EndProject
Project("{FAE04EC0-301F-11D3-BF4B-00C04F79EFBC}") = "Bina_Section6", "Bina_Section6\Bina_Section6.csproj", "{F188865C-E9BB-4480-A163-E5CF70EC657A}"
EndProject
Project("{FAE04EC0-301F-11D3-BF4B-00C04F79EFBC}") = "Bina_Section7", "Bina_Section7\Bina_Section7.csproj", "{C4273D2F-F24B-4AD8-B2E9-D90B8F6885BF}"
EndProject
Project("{FAE04EC0-301F-11D3-BF4B-00C04F79EFBC}") = "Bina_Section8", "Bina_Section8\Bina_Section8.csproj", "{EF6016E5-1B10-4933-9E2C-38A76C5DB0F0}"
EndProject
Project("{9A19103F-16F7-4668-BE54-9A1E7A4F7556}") = "LoopBina", "LoopBina\LoopBina.csproj", "{FCCF6EAD-5621-474E-B692-4079D1518387}"
EndProject
Project("{FAE04EC0-301F-11D3-BF4B-00C04F79EFBC}") = "BinaSection9", "UnitTestProject1\BinaSection9.csproj", "{D68A4EBC-FC78-4EAE-AD72-F62C5B9DB78F}"
EndProject
Project("{FAE04EC0-301F-11D3-BF4B-00C04F79EFBC}") = "Bina_Section10", "Bina_Section10\Bina_Section10.csproj", "{366F1C97-D7E3-4E5F-B271-BD21F85CDA96}"
EndProject
Project("{9A19103F-16F7-4668-BE54-9A1E7A4F7556}") = "BinaSection9Quiz1", "BinaSection9Quiz1\BinaSection9Quiz1.csproj", "{5CC33F48-3EA3-4AB1-9DE0-86D946272499}"
EndProject
Project("{9A19103F-16F7-4668-BE54-9A1E7A4F7556}") = "BinaSection10-Quiz1", "BinaSection10-Quiz1\BinaSection10-Quiz1.csproj", "{A435DDBC-F0F0-4FB3-A9A8-1C702D57124F}"
EndProject
Project("{FAE04EC0-301F-11D3-BF4B-00C04F79EFBC}") = "Bina_Section11", "Bina_Section11\Bina_Section11.csproj", "{BE80574E-3040-4736-A6B3-890591364FF9}"
EndProject
Project("{2150E333-8FDC-42A3-9474-1A3956D46DE8}") = "Bina_Section12", "Bina_Section12", "{F4EEFD22-1BF8-4251-9211-446F512D2589}"
EndProject
Project("{FAE04EC0-301F-11D3-BF4B-00C04F79EFBC}") = "Bina_Section12", "Bina_Section12\Bina_Section12.csproj", "{B00BA536-3319-454A-8E07-28860113058A}"
EndProject
Project("{2150E333-8FDC-42A3-9474-1A3956D46DE8}") = "BinaSection12_Exam", "BinaSection12_Exam", "{EB10FEFD-784C-4656-906E-FB86FFB1CDF2}"
EndProject
Project("{FAE04EC0-301F-11D3-BF4B-00C04F79EFBC}") = "Interface_Exams", "Interface_Tests\Interface_Exams.csproj", "{BAE0ED06-2879-4B9E-8865-C87C7255B1CF}"
EndProject
Project("{2150E333-8FDC-42A3-9474-1A3956D46DE8}") = "Bina_Section13", "Bina_Section13", "{986091CF-E0E4-426F-B69B-66A01C342938}"
EndProject
Project("{FAE04EC0-301F-11D3-BF4B-00C04F79EFBC}") = "Section13", "UnitTestProject2\Section13.csproj", "{6DE4E12F-0B79-43C4-BFB9-B85F1BBDC3F7}"
EndProject
Project("{FAE04EC0-301F-11D3-BF4B-00C04F79EFBC}") = "Bina_Section14", "Bina_Section14\Bina_Section14.csproj", "{1B861B95-F3BC-46F1-BDA9-EEEBD5A8E90A}"
EndProject
Project("{9A19103F-16F7-4668-BE54-9A1E7A4F7556}") = "RegexPractice", "RegexPractice\RegexPractice.csproj", "{747987D9-D241-4D0E-8815-CF3ED3648DEC}"
EndProject
Project("{FAE04EC0-301F-11D3-BF4B-00C04F79EFBC}") = "BinaSection15", "BinaSection15\BinaSection15.csproj", "{B68D698B-7372-4EB4-B9C4-4B12ABD6C6D3}"
EndProject
Global
	GlobalSection(SolutionConfigurationPlatforms) = preSolution
		Debug|Any CPU = Debug|Any CPU
		Release|Any CPU = Release|Any CPU
	EndGlobalSection
	GlobalSection(ProjectConfigurationPlatforms) = postSolution
		{FDA408CB-7A1C-47BD-BBD5-78D1BCDC60F6}.Debug|Any CPU.ActiveCfg = Debug|Any CPU
		{FDA408CB-7A1C-47BD-BBD5-78D1BCDC60F6}.Debug|Any CPU.Build.0 = Debug|Any CPU
		{FDA408CB-7A1C-47BD-BBD5-78D1BCDC60F6}.Release|Any CPU.ActiveCfg = Release|Any CPU
		{FDA408CB-7A1C-47BD-BBD5-78D1BCDC60F6}.Release|Any CPU.Build.0 = Release|Any CPU
		{FD116B48-141E-47A1-A9A9-E5FECCD8EB11}.Debug|Any CPU.ActiveCfg = Debug|Any CPU
		{FD116B48-141E-47A1-A9A9-E5FECCD8EB11}.Debug|Any CPU.Build.0 = Debug|Any CPU
		{FD116B48-141E-47A1-A9A9-E5FECCD8EB11}.Release|Any CPU.ActiveCfg = Release|Any CPU
		{FD116B48-141E-47A1-A9A9-E5FECCD8EB11}.Release|Any CPU.Build.0 = Release|Any CPU
		{7BBCF357-D28B-46DA-9295-FCD270BD3A68}.Debug|Any CPU.ActiveCfg = Debug|Any CPU
		{7BBCF357-D28B-46DA-9295-FCD270BD3A68}.Debug|Any CPU.Build.0 = Debug|Any CPU
		{7BBCF357-D28B-46DA-9295-FCD270BD3A68}.Release|Any CPU.ActiveCfg = Release|Any CPU
		{7BBCF357-D28B-46DA-9295-FCD270BD3A68}.Release|Any CPU.Build.0 = Release|Any CPU
		{47BF2F3B-E8B4-4B2D-99BD-0F1D5502524B}.Debug|Any CPU.ActiveCfg = Debug|Any CPU
		{47BF2F3B-E8B4-4B2D-99BD-0F1D5502524B}.Debug|Any CPU.Build.0 = Debug|Any CPU
		{47BF2F3B-E8B4-4B2D-99BD-0F1D5502524B}.Release|Any CPU.ActiveCfg = Release|Any CPU
		{47BF2F3B-E8B4-4B2D-99BD-0F1D5502524B}.Release|Any CPU.Build.0 = Release|Any CPU
		{CE6CC9FA-267F-4261-896D-3BD5DFF18802}.Debug|Any CPU.ActiveCfg = Debug|Any CPU
		{CE6CC9FA-267F-4261-896D-3BD5DFF18802}.Debug|Any CPU.Build.0 = Debug|Any CPU
		{CE6CC9FA-267F-4261-896D-3BD5DFF18802}.Release|Any CPU.ActiveCfg = Release|Any CPU
		{CE6CC9FA-267F-4261-896D-3BD5DFF18802}.Release|Any CPU.Build.0 = Release|Any CPU
		{02500456-67DA-4B9B-BC1F-6A0CBD1A879C}.Debug|Any CPU.ActiveCfg = Debug|Any CPU
		{02500456-67DA-4B9B-BC1F-6A0CBD1A879C}.Debug|Any CPU.Build.0 = Debug|Any CPU
		{02500456-67DA-4B9B-BC1F-6A0CBD1A879C}.Release|Any CPU.ActiveCfg = Release|Any CPU
		{02500456-67DA-4B9B-BC1F-6A0CBD1A879C}.Release|Any CPU.Build.0 = Release|Any CPU
		{E58149BD-E904-4D76-B29A-D66E485D9C5D}.Debug|Any CPU.ActiveCfg = Debug|Any CPU
		{E58149BD-E904-4D76-B29A-D66E485D9C5D}.Debug|Any CPU.Build.0 = Debug|Any CPU
		{E58149BD-E904-4D76-B29A-D66E485D9C5D}.Release|Any CPU.ActiveCfg = Release|Any CPU
		{E58149BD-E904-4D76-B29A-D66E485D9C5D}.Release|Any CPU.Build.0 = Release|Any CPU
		{67998050-2533-4AAA-A925-D2DF3D8165D4}.Debug|Any CPU.ActiveCfg = Debug|Any CPU
		{67998050-2533-4AAA-A925-D2DF3D8165D4}.Debug|Any CPU.Build.0 = Debug|Any CPU
		{67998050-2533-4AAA-A925-D2DF3D8165D4}.Release|Any CPU.ActiveCfg = Release|Any CPU
		{67998050-2533-4AAA-A925-D2DF3D8165D4}.Release|Any CPU.Build.0 = Release|Any CPU
		{87823504-9100-4EF9-AEE8-AA3EDB61359F}.Debug|Any CPU.ActiveCfg = Debug|Any CPU
		{87823504-9100-4EF9-AEE8-AA3EDB61359F}.Debug|Any CPU.Build.0 = Debug|Any CPU
		{87823504-9100-4EF9-AEE8-AA3EDB61359F}.Release|Any CPU.ActiveCfg = Release|Any CPU
		{87823504-9100-4EF9-AEE8-AA3EDB61359F}.Release|Any CPU.Build.0 = Release|Any CPU
		{69A2E88C-E445-4DDE-AE9C-240120B1A09D}.Debug|Any CPU.ActiveCfg = Debug|Any CPU
		{69A2E88C-E445-4DDE-AE9C-240120B1A09D}.Debug|Any CPU.Build.0 = Debug|Any CPU
		{69A2E88C-E445-4DDE-AE9C-240120B1A09D}.Release|Any CPU.ActiveCfg = Release|Any CPU
		{69A2E88C-E445-4DDE-AE9C-240120B1A09D}.Release|Any CPU.Build.0 = Release|Any CPU
		{7B8A31E8-60A1-4DDF-98A4-003560F5F011}.Debug|Any CPU.ActiveCfg = Debug|Any CPU
		{7B8A31E8-60A1-4DDF-98A4-003560F5F011}.Debug|Any CPU.Build.0 = Debug|Any CPU
		{7B8A31E8-60A1-4DDF-98A4-003560F5F011}.Release|Any CPU.ActiveCfg = Release|Any CPU
		{7B8A31E8-60A1-4DDF-98A4-003560F5F011}.Release|Any CPU.Build.0 = Release|Any CPU
		{16EDB83F-E330-4270-8FC2-53893F863D76}.Debug|Any CPU.ActiveCfg = Debug|Any CPU
		{16EDB83F-E330-4270-8FC2-53893F863D76}.Debug|Any CPU.Build.0 = Debug|Any CPU
		{16EDB83F-E330-4270-8FC2-53893F863D76}.Release|Any CPU.ActiveCfg = Release|Any CPU
		{16EDB83F-E330-4270-8FC2-53893F863D76}.Release|Any CPU.Build.0 = Release|Any CPU
		{0B9FF41E-E77E-47D0-AE01-443E1E8BEE8E}.Debug|Any CPU.ActiveCfg = Debug|Any CPU
		{0B9FF41E-E77E-47D0-AE01-443E1E8BEE8E}.Debug|Any CPU.Build.0 = Debug|Any CPU
		{0B9FF41E-E77E-47D0-AE01-443E1E8BEE8E}.Release|Any CPU.ActiveCfg = Release|Any CPU
		{0B9FF41E-E77E-47D0-AE01-443E1E8BEE8E}.Release|Any CPU.Build.0 = Release|Any CPU
		{311AE4AB-B86A-467B-A4CF-A8F8949EC7DE}.Debug|Any CPU.ActiveCfg = Debug|Any CPU
		{311AE4AB-B86A-467B-A4CF-A8F8949EC7DE}.Debug|Any CPU.Build.0 = Debug|Any CPU
		{311AE4AB-B86A-467B-A4CF-A8F8949EC7DE}.Release|Any CPU.ActiveCfg = Release|Any CPU
		{311AE4AB-B86A-467B-A4CF-A8F8949EC7DE}.Release|Any CPU.Build.0 = Release|Any CPU
		{B55D262B-CED0-49CB-812F-4A8248412F25}.Debug|Any CPU.ActiveCfg = Debug|Any CPU
		{B55D262B-CED0-49CB-812F-4A8248412F25}.Debug|Any CPU.Build.0 = Debug|Any CPU
		{B55D262B-CED0-49CB-812F-4A8248412F25}.Release|Any CPU.ActiveCfg = Release|Any CPU
		{B55D262B-CED0-49CB-812F-4A8248412F25}.Release|Any CPU.Build.0 = Release|Any CPU
		{723EA322-F98E-4FBE-922C-20657008462D}.Debug|Any CPU.ActiveCfg = Debug|Any CPU
		{723EA322-F98E-4FBE-922C-20657008462D}.Debug|Any CPU.Build.0 = Debug|Any CPU
		{723EA322-F98E-4FBE-922C-20657008462D}.Release|Any CPU.ActiveCfg = Release|Any CPU
		{723EA322-F98E-4FBE-922C-20657008462D}.Release|Any CPU.Build.0 = Release|Any CPU
		{7E308D4E-4C2D-4B34-B757-2EA56A60F24A}.Debug|Any CPU.ActiveCfg = Debug|Any CPU
		{7E308D4E-4C2D-4B34-B757-2EA56A60F24A}.Debug|Any CPU.Build.0 = Debug|Any CPU
		{7E308D4E-4C2D-4B34-B757-2EA56A60F24A}.Release|Any CPU.ActiveCfg = Release|Any CPU
		{7E308D4E-4C2D-4B34-B757-2EA56A60F24A}.Release|Any CPU.Build.0 = Release|Any CPU
		{D56E172E-FA90-47C2-BC33-58C0C2C0D107}.Debug|Any CPU.ActiveCfg = Debug|Any CPU
		{D56E172E-FA90-47C2-BC33-58C0C2C0D107}.Debug|Any CPU.Build.0 = Debug|Any CPU
		{D56E172E-FA90-47C2-BC33-58C0C2C0D107}.Release|Any CPU.ActiveCfg = Release|Any CPU
		{D56E172E-FA90-47C2-BC33-58C0C2C0D107}.Release|Any CPU.Build.0 = Release|Any CPU
		{42FADC0A-4093-4CCF-8CC1-EA9BF2B7F076}.Debug|Any CPU.ActiveCfg = Debug|Any CPU
		{42FADC0A-4093-4CCF-8CC1-EA9BF2B7F076}.Debug|Any CPU.Build.0 = Debug|Any CPU
		{42FADC0A-4093-4CCF-8CC1-EA9BF2B7F076}.Release|Any CPU.ActiveCfg = Release|Any CPU
		{42FADC0A-4093-4CCF-8CC1-EA9BF2B7F076}.Release|Any CPU.Build.0 = Release|Any CPU
		{9589BE66-2ED7-438B-8B8B-6F5124F8D953}.Debug|Any CPU.ActiveCfg = Debug|Any CPU
		{9589BE66-2ED7-438B-8B8B-6F5124F8D953}.Debug|Any CPU.Build.0 = Debug|Any CPU
		{9589BE66-2ED7-438B-8B8B-6F5124F8D953}.Release|Any CPU.ActiveCfg = Release|Any CPU
		{9589BE66-2ED7-438B-8B8B-6F5124F8D953}.Release|Any CPU.Build.0 = Release|Any CPU
		{2FA9D51A-6B68-4BF8-8C79-3DC2C332CCE4}.Debug|Any CPU.ActiveCfg = Debug|Any CPU
		{2FA9D51A-6B68-4BF8-8C79-3DC2C332CCE4}.Debug|Any CPU.Build.0 = Debug|Any CPU
		{2FA9D51A-6B68-4BF8-8C79-3DC2C332CCE4}.Release|Any CPU.ActiveCfg = Release|Any CPU
		{2FA9D51A-6B68-4BF8-8C79-3DC2C332CCE4}.Release|Any CPU.Build.0 = Release|Any CPU
		{F188865C-E9BB-4480-A163-E5CF70EC657A}.Debug|Any CPU.ActiveCfg = Debug|Any CPU
		{F188865C-E9BB-4480-A163-E5CF70EC657A}.Debug|Any CPU.Build.0 = Debug|Any CPU
		{F188865C-E9BB-4480-A163-E5CF70EC657A}.Release|Any CPU.ActiveCfg = Release|Any CPU
		{F188865C-E9BB-4480-A163-E5CF70EC657A}.Release|Any CPU.Build.0 = Release|Any CPU
		{C4273D2F-F24B-4AD8-B2E9-D90B8F6885BF}.Debug|Any CPU.ActiveCfg = Debug|Any CPU
		{C4273D2F-F24B-4AD8-B2E9-D90B8F6885BF}.Debug|Any CPU.Build.0 = Debug|Any CPU
		{C4273D2F-F24B-4AD8-B2E9-D90B8F6885BF}.Release|Any CPU.ActiveCfg = Release|Any CPU
		{C4273D2F-F24B-4AD8-B2E9-D90B8F6885BF}.Release|Any CPU.Build.0 = Release|Any CPU
		{EF6016E5-1B10-4933-9E2C-38A76C5DB0F0}.Debug|Any CPU.ActiveCfg = Debug|Any CPU
		{EF6016E5-1B10-4933-9E2C-38A76C5DB0F0}.Debug|Any CPU.Build.0 = Debug|Any CPU
		{EF6016E5-1B10-4933-9E2C-38A76C5DB0F0}.Release|Any CPU.ActiveCfg = Release|Any CPU
		{EF6016E5-1B10-4933-9E2C-38A76C5DB0F0}.Release|Any CPU.Build.0 = Release|Any CPU
		{FCCF6EAD-5621-474E-B692-4079D1518387}.Debug|Any CPU.ActiveCfg = Debug|Any CPU
		{FCCF6EAD-5621-474E-B692-4079D1518387}.Debug|Any CPU.Build.0 = Debug|Any CPU
		{FCCF6EAD-5621-474E-B692-4079D1518387}.Release|Any CPU.ActiveCfg = Release|Any CPU
		{FCCF6EAD-5621-474E-B692-4079D1518387}.Release|Any CPU.Build.0 = Release|Any CPU
		{D68A4EBC-FC78-4EAE-AD72-F62C5B9DB78F}.Debug|Any CPU.ActiveCfg = Debug|Any CPU
		{D68A4EBC-FC78-4EAE-AD72-F62C5B9DB78F}.Debug|Any CPU.Build.0 = Debug|Any CPU
		{D68A4EBC-FC78-4EAE-AD72-F62C5B9DB78F}.Release|Any CPU.ActiveCfg = Release|Any CPU
		{D68A4EBC-FC78-4EAE-AD72-F62C5B9DB78F}.Release|Any CPU.Build.0 = Release|Any CPU
		{366F1C97-D7E3-4E5F-B271-BD21F85CDA96}.Debug|Any CPU.ActiveCfg = Debug|Any CPU
		{366F1C97-D7E3-4E5F-B271-BD21F85CDA96}.Debug|Any CPU.Build.0 = Debug|Any CPU
		{366F1C97-D7E3-4E5F-B271-BD21F85CDA96}.Release|Any CPU.ActiveCfg = Release|Any CPU
		{366F1C97-D7E3-4E5F-B271-BD21F85CDA96}.Release|Any CPU.Build.0 = Release|Any CPU
		{5CC33F48-3EA3-4AB1-9DE0-86D946272499}.Debug|Any CPU.ActiveCfg = Debug|Any CPU
		{5CC33F48-3EA3-4AB1-9DE0-86D946272499}.Debug|Any CPU.Build.0 = Debug|Any CPU
		{5CC33F48-3EA3-4AB1-9DE0-86D946272499}.Release|Any CPU.ActiveCfg = Release|Any CPU
		{5CC33F48-3EA3-4AB1-9DE0-86D946272499}.Release|Any CPU.Build.0 = Release|Any CPU
		{A435DDBC-F0F0-4FB3-A9A8-1C702D57124F}.Debug|Any CPU.ActiveCfg = Debug|Any CPU
		{A435DDBC-F0F0-4FB3-A9A8-1C702D57124F}.Debug|Any CPU.Build.0 = Debug|Any CPU
		{A435DDBC-F0F0-4FB3-A9A8-1C702D57124F}.Release|Any CPU.ActiveCfg = Release|Any CPU
		{A435DDBC-F0F0-4FB3-A9A8-1C702D57124F}.Release|Any CPU.Build.0 = Release|Any CPU
		{BE80574E-3040-4736-A6B3-890591364FF9}.Debug|Any CPU.ActiveCfg = Debug|Any CPU
		{BE80574E-3040-4736-A6B3-890591364FF9}.Debug|Any CPU.Build.0 = Debug|Any CPU
		{BE80574E-3040-4736-A6B3-890591364FF9}.Release|Any CPU.ActiveCfg = Release|Any CPU
		{BE80574E-3040-4736-A6B3-890591364FF9}.Release|Any CPU.Build.0 = Release|Any CPU
		{B00BA536-3319-454A-8E07-28860113058A}.Debug|Any CPU.ActiveCfg = Debug|Any CPU
		{B00BA536-3319-454A-8E07-28860113058A}.Debug|Any CPU.Build.0 = Debug|Any CPU
		{B00BA536-3319-454A-8E07-28860113058A}.Release|Any CPU.ActiveCfg = Release|Any CPU
		{B00BA536-3319-454A-8E07-28860113058A}.Release|Any CPU.Build.0 = Release|Any CPU
		{BAE0ED06-2879-4B9E-8865-C87C7255B1CF}.Debug|Any CPU.ActiveCfg = Debug|Any CPU
		{BAE0ED06-2879-4B9E-8865-C87C7255B1CF}.Debug|Any CPU.Build.0 = Debug|Any CPU
		{BAE0ED06-2879-4B9E-8865-C87C7255B1CF}.Release|Any CPU.ActiveCfg = Release|Any CPU
		{BAE0ED06-2879-4B9E-8865-C87C7255B1CF}.Release|Any CPU.Build.0 = Release|Any CPU
		{6DE4E12F-0B79-43C4-BFB9-B85F1BBDC3F7}.Debug|Any CPU.ActiveCfg = Debug|Any CPU
		{6DE4E12F-0B79-43C4-BFB9-B85F1BBDC3F7}.Debug|Any CPU.Build.0 = Debug|Any CPU
		{6DE4E12F-0B79-43C4-BFB9-B85F1BBDC3F7}.Release|Any CPU.ActiveCfg = Release|Any CPU
		{6DE4E12F-0B79-43C4-BFB9-B85F1BBDC3F7}.Release|Any CPU.Build.0 = Release|Any CPU
		{1B861B95-F3BC-46F1-BDA9-EEEBD5A8E90A}.Debug|Any CPU.ActiveCfg = Debug|Any CPU
		{1B861B95-F3BC-46F1-BDA9-EEEBD5A8E90A}.Debug|Any CPU.Build.0 = Debug|Any CPU
		{1B861B95-F3BC-46F1-BDA9-EEEBD5A8E90A}.Release|Any CPU.ActiveCfg = Release|Any CPU
		{1B861B95-F3BC-46F1-BDA9-EEEBD5A8E90A}.Release|Any CPU.Build.0 = Release|Any CPU
		{747987D9-D241-4D0E-8815-CF3ED3648DEC}.Debug|Any CPU.ActiveCfg = Debug|Any CPU
		{747987D9-D241-4D0E-8815-CF3ED3648DEC}.Debug|Any CPU.Build.0 = Debug|Any CPU
		{747987D9-D241-4D0E-8815-CF3ED3648DEC}.Release|Any CPU.ActiveCfg = Release|Any CPU
		{747987D9-D241-4D0E-8815-CF3ED3648DEC}.Release|Any CPU.Build.0 = Release|Any CPU
		{B68D698B-7372-4EB4-B9C4-4B12ABD6C6D3}.Debug|Any CPU.ActiveCfg = Debug|Any CPU
		{B68D698B-7372-4EB4-B9C4-4B12ABD6C6D3}.Debug|Any CPU.Build.0 = Debug|Any CPU
		{B68D698B-7372-4EB4-B9C4-4B12ABD6C6D3}.Release|Any CPU.ActiveCfg = Release|Any CPU
		{B68D698B-7372-4EB4-B9C4-4B12ABD6C6D3}.Release|Any CPU.Build.0 = Release|Any CPU
	EndGlobalSection
	GlobalSection(SolutionProperties) = preSolution
		HideSolutionNode = FALSE
	EndGlobalSection
	GlobalSection(NestedProjects) = preSolution
		{FDA408CB-7A1C-47BD-BBD5-78D1BCDC60F6} = {7310A31D-DD1D-40CD-A199-88241A6B7D2B}
		{FD116B48-141E-47A1-A9A9-E5FECCD8EB11} = {7310A31D-DD1D-40CD-A199-88241A6B7D2B}
		{7BBCF357-D28B-46DA-9295-FCD270BD3A68} = {790BCFE8-3E17-4758-91BB-91E6E632EB47}
		{47BF2F3B-E8B4-4B2D-99BD-0F1D5502524B} = {76018E16-2E7F-4AE7-8C87-FE0A9B308741}
		{CE6CC9FA-267F-4261-896D-3BD5DFF18802} = {CED4F92B-47D0-433B-9F03-6ED51BE50C59}
		{02500456-67DA-4B9B-BC1F-6A0CBD1A879C} = {CED4F92B-47D0-433B-9F03-6ED51BE50C59}
		{E58149BD-E904-4D76-B29A-D66E485D9C5D} = {4AC89EAD-0C80-4680-8492-9AFDB16AB772}
		{67998050-2533-4AAA-A925-D2DF3D8165D4} = {C50A8EE1-9F20-47F0-B10A-8EBC3081B5AA}
		{87823504-9100-4EF9-AEE8-AA3EDB61359F} = {C0B6CA26-DB3F-497B-B30F-2B769E3E6721}
		{69A2E88C-E445-4DDE-AE9C-240120B1A09D} = {C0B6CA26-DB3F-497B-B30F-2B769E3E6721}
		{7B8A31E8-60A1-4DDF-98A4-003560F5F011} = {A8EFA429-D920-420E-8804-919622DB6E3C}
		{16EDB83F-E330-4270-8FC2-53893F863D76} = {8934C199-CC2F-4B68-B286-9E2F013F5AE7}
		{0B9FF41E-E77E-47D0-AE01-443E1E8BEE8E} = {C3F1C396-5934-4A37-A9D4-AAE3E0D8DDCF}
		{311AE4AB-B86A-467B-A4CF-A8F8949EC7DE} = {3B893E94-04FD-4C45-8578-DA8A23EDDCE3}
		{B55D262B-CED0-49CB-812F-4A8248412F25} = {33E28CE3-8A8A-4FD0-9ED7-191B78E2712A}
		{723EA322-F98E-4FBE-922C-20657008462D} = {82EFA7B0-C708-4E76-972B-501C3AD61152}
		{7E308D4E-4C2D-4B34-B757-2EA56A60F24A} = {2B1C921C-ABB9-4555-80B1-5DEF589E26FA}
		{D56E172E-FA90-47C2-BC33-58C0C2C0D107} = {7310A31D-DD1D-40CD-A199-88241A6B7D2B}
		{42FADC0A-4093-4CCF-8CC1-EA9BF2B7F076} = {2B1C921C-ABB9-4555-80B1-5DEF589E26FA}
		{9589BE66-2ED7-438B-8B8B-6F5124F8D953} = {82EFA7B0-C708-4E76-972B-501C3AD61152}
		{2FA9D51A-6B68-4BF8-8C79-3DC2C332CCE4} = {790BCFE8-3E17-4758-91BB-91E6E632EB47}
		{F188865C-E9BB-4480-A163-E5CF70EC657A} = {4AC89EAD-0C80-4680-8492-9AFDB16AB772}
		{C4273D2F-F24B-4AD8-B2E9-D90B8F6885BF} = {76018E16-2E7F-4AE7-8C87-FE0A9B308741}
		{EF6016E5-1B10-4933-9E2C-38A76C5DB0F0} = {CED4F92B-47D0-433B-9F03-6ED51BE50C59}
		{FCCF6EAD-5621-474E-B692-4079D1518387} = {CED4F92B-47D0-433B-9F03-6ED51BE50C59}
		{D68A4EBC-FC78-4EAE-AD72-F62C5B9DB78F} = {C50A8EE1-9F20-47F0-B10A-8EBC3081B5AA}
		{366F1C97-D7E3-4E5F-B271-BD21F85CDA96} = {C0B6CA26-DB3F-497B-B30F-2B769E3E6721}
		{5CC33F48-3EA3-4AB1-9DE0-86D946272499} = {C50A8EE1-9F20-47F0-B10A-8EBC3081B5AA}
		{A435DDBC-F0F0-4FB3-A9A8-1C702D57124F} = {C0B6CA26-DB3F-497B-B30F-2B769E3E6721}
		{BE80574E-3040-4736-A6B3-890591364FF9} = {A8EFA429-D920-420E-8804-919622DB6E3C}
		{F4EEFD22-1BF8-4251-9211-446F512D2589} = {8934C199-CC2F-4B68-B286-9E2F013F5AE7}
		{B00BA536-3319-454A-8E07-28860113058A} = {F4EEFD22-1BF8-4251-9211-446F512D2589}
		{EB10FEFD-784C-4656-906E-FB86FFB1CDF2} = {8934C199-CC2F-4B68-B286-9E2F013F5AE7}
		{BAE0ED06-2879-4B9E-8865-C87C7255B1CF} = {EB10FEFD-784C-4656-906E-FB86FFB1CDF2}
		{986091CF-E0E4-426F-B69B-66A01C342938} = {C3F1C396-5934-4A37-A9D4-AAE3E0D8DDCF}
		{6DE4E12F-0B79-43C4-BFB9-B85F1BBDC3F7} = {986091CF-E0E4-426F-B69B-66A01C342938}
		{1B861B95-F3BC-46F1-BDA9-EEEBD5A8E90A} = {33E28CE3-8A8A-4FD0-9ED7-191B78E2712A}
		{747987D9-D241-4D0E-8815-CF3ED3648DEC} = {33E28CE3-8A8A-4FD0-9ED7-191B78E2712A}
		{B68D698B-7372-4EB4-B9C4-4B12ABD6C6D3} = {3B893E94-04FD-4C45-8578-DA8A23EDDCE3}
	EndGlobalSection
	GlobalSection(ExtensibilityGlobals) = postSolution
		SolutionGuid = {827D8A20-7CCF-46DB-A918-9A4FC0F2DB60}
	EndGlobalSection
EndGlobal
